// !$*UTF8*$!
{
	archiveVersion = 1;
	classes = {
	};
	objectVersion = 48;
	objects = {

/* Begin PBXBuildFile section */
		270308031FC46FD70002F1DB /* MPC_Block.m in Sources */ = {isa = PBXBuildFile; fileRef = 270308021FC46FD70002F1DB /* MPC_Block.m */; };
		270308061FC480200002F1DB /* CloudKitSetUpManager.m in Sources */ = {isa = PBXBuildFile; fileRef = 270308051FC480200002F1DB /* CloudKitSetUpManager.m */; };
		270308091FC497CA0002F1DB /* Constants.m in Sources */ = {isa = PBXBuildFile; fileRef = 270308081FC497CA0002F1DB /* Constants.m */; };
		2703080C1FC4A38A0002F1DB /* MPC_CloudKitManager+TerminalBlocks.m in Sources */ = {isa = PBXBuildFile; fileRef = 2703080B1FC4A38A0002F1DB /* MPC_CloudKitManager+TerminalBlocks.m */; };
		270308101FC4B2770002F1DB /* round180.png in Resources */ = {isa = PBXBuildFile; fileRef = 2703080F1FC4B2770002F1DB /* round180.png */; };
		270308131FC698F10002F1DB /* UIApplication+networkActivitySpinner.m in Sources */ = {isa = PBXBuildFile; fileRef = 270308121FC698F10002F1DB /* UIApplication+networkActivitySpinner.m */; };
		2710722B1FC2E50A000A4FBD /* info_General.png in Resources */ = {isa = PBXBuildFile; fileRef = 271072271FC2E509000A4FBD /* info_General.png */; };
		2710722E1FC2E50A000A4FBD /* info_General2.png in Resources */ = {isa = PBXBuildFile; fileRef = 2710722A1FC2E509000A4FBD /* info_General2.png */; };
		272A92261FC2BC5200D0B12F /* PlaceHolderView.m in Sources */ = {isa = PBXBuildFile; fileRef = 272A92241FC2BC5200D0B12F /* PlaceHolderView.m */; };
		272A92291FC2BD8300D0B12F /* CloudKitStarter.storyboard in Resources */ = {isa = PBXBuildFile; fileRef = 272A92281FC2BD8300D0B12F /* CloudKitStarter.storyboard */; };
		279F89FB1FC0C1F900373451 /* DestinationCell.m in Sources */ = {isa = PBXBuildFile; fileRef = 279F89F91FC0C1F900373451 /* DestinationCell.m */; };
		279F89FC1FC0C1F900373451 /* DestinationCell.xib in Resources */ = {isa = PBXBuildFile; fileRef = 279F89FA1FC0C1F900373451 /* DestinationCell.xib */; };
		279F89FF1FC0DCC100373451 /* MyDestinationsViewController.m in Sources */ = {isa = PBXBuildFile; fileRef = 279F89FD1FC0DCC100373451 /* MyDestinationsViewController.m */; };
		27AABA941FC2F4F900BC79BA /* info_Capabilities2.png in Resources */ = {isa = PBXBuildFile; fileRef = 27AABA921FC2F4F900BC79BA /* info_Capabilities2.png */; };
		27AABA951FC2F4F900BC79BA /* info_Capabilities.png in Resources */ = {isa = PBXBuildFile; fileRef = 27AABA931FC2F4F900BC79BA /* info_Capabilities.png */; };
		27AABA981FC2F76C00BC79BA /* GettingStartedTableView.m in Sources */ = {isa = PBXBuildFile; fileRef = 27AABA971FC2F76C00BC79BA /* GettingStartedTableView.m */; };
		27AABA9E1FC31D5D00BC79BA /* DestinationsDataSource.m in Sources */ = {isa = PBXBuildFile; fileRef = 27AABA9C1FC31D5D00BC79BA /* DestinationsDataSource.m */; };
		27AABAA31FC333F400BC79BA /* AllDestinationsViewController.m in Sources */ = {isa = PBXBuildFile; fileRef = 27AABAA11FC333F400BC79BA /* AllDestinationsViewController.m */; };
		27AABAA41FC333F400BC79BA /* AllDestinationsViewController.xib in Resources */ = {isa = PBXBuildFile; fileRef = 27AABAA21FC333F400BC79BA /* AllDestinationsViewController.xib */; };
		27AABAA71FC394ED00BC79BA /* MPC_CKDeleteRecordOperation.m in Sources */ = {isa = PBXBuildFile; fileRef = 27AABAA61FC394ED00BC79BA /* MPC_CKDeleteRecordOperation.m */; };
		27EBDFFE1FC03D67006D6873 /* AppDelegate.m in Sources */ = {isa = PBXBuildFile; fileRef = 27EBDFFD1FC03D67006D6873 /* AppDelegate.m */; };
		27EBE0041FC03D67006D6873 /* Main.storyboard in Resources */ = {isa = PBXBuildFile; fileRef = 27EBE0021FC03D67006D6873 /* Main.storyboard */; };
		27EBE0061FC03D67006D6873 /* Assets.xcassets in Resources */ = {isa = PBXBuildFile; fileRef = 27EBE0051FC03D67006D6873 /* Assets.xcassets */; };
		27EBE0091FC03D67006D6873 /* LaunchScreen.storyboard in Resources */ = {isa = PBXBuildFile; fileRef = 27EBE0071FC03D67006D6873 /* LaunchScreen.storyboard */; };
		27EBE00C1FC03D67006D6873 /* main.m in Sources */ = {isa = PBXBuildFile; fileRef = 27EBE00B1FC03D67006D6873 /* main.m */; };
		27EBE0171FC03E0A006D6873 /* MPC_CloudKitManager.m in Sources */ = {isa = PBXBuildFile; fileRef = 27EBE0161FC03E0A006D6873 /* MPC_CloudKitManager.m */; };
		27EBE01D1FC0400E006D6873 /* Destination.m in Sources */ = {isa = PBXBuildFile; fileRef = 27EBE01C1FC0400E006D6873 /* Destination.m */; };
		27EBE02B1FC04207006D6873 /* MPC_CKSaveRecordOperation.m in Sources */ = {isa = PBXBuildFile; fileRef = 27EBE0211FC04206006D6873 /* MPC_CKSaveRecordOperation.m */; };
		27EBE02C1FC04207006D6873 /* MPC_CKFetchUserRecordIDOperation.m in Sources */ = {isa = PBXBuildFile; fileRef = 27EBE0231FC04206006D6873 /* MPC_CKFetchUserRecordIDOperation.m */; };
		27EBE02D1FC04207006D6873 /* MPC_CKQueryOperation.m in Sources */ = {isa = PBXBuildFile; fileRef = 27EBE0251FC04206006D6873 /* MPC_CKQueryOperation.m */; };
		27EBE02E1FC04207006D6873 /* MPC_NSOperation.m in Sources */ = {isa = PBXBuildFile; fileRef = 27EBE0261FC04207006D6873 /* MPC_NSOperation.m */; };
		27EBE02F1FC04207006D6873 /* MPC_CKAvailabilityCheckOperation.m in Sources */ = {isa = PBXBuildFile; fileRef = 27EBE0281FC04207006D6873 /* MPC_CKAvailabilityCheckOperation.m */; };
		27EBE0331FC04292006D6873 /* NSOperationQueue+MPC_NSOperationQueue.m in Sources */ = {isa = PBXBuildFile; fileRef = 27EBE0311FC04292006D6873 /* NSOperationQueue+MPC_NSOperationQueue.m */; };
		27EBE03C1FC05D17006D6873 /* CloudKit.framework in Frameworks */ = {isa = PBXBuildFile; fileRef = 27EBE03B1FC05D17006D6873 /* CloudKit.framework */; };
		27EBE04F1FC0658E006D6873 /* borobudur.JPG in Resources */ = {isa = PBXBuildFile; fileRef = 27EBE0491FC0658E006D6873 /* borobudur.JPG */; };
		27EBE0501FC0658E006D6873 /* phrayanakhon.JPG in Resources */ = {isa = PBXBuildFile; fileRef = 27EBE04A1FC0658E006D6873 /* phrayanakhon.JPG */; };
		27EBE0511FC0658E006D6873 /* samed.JPG in Resources */ = {isa = PBXBuildFile; fileRef = 27EBE04B1FC0658E006D6873 /* samed.JPG */; };
		27EBE0521FC0658E006D6873 /* yangon.JPG in Resources */ = {isa = PBXBuildFile; fileRef = 27EBE04C1FC0658E006D6873 /* yangon.JPG */; };
		27EBE0531FC0658E006D6873 /* bc.JPG in Resources */ = {isa = PBXBuildFile; fileRef = 27EBE04D1FC0658E006D6873 /* bc.JPG */; };
		27EBE0541FC0658E006D6873 /* bagan.JPG in Resources */ = {isa = PBXBuildFile; fileRef = 27EBE04E1FC0658E006D6873 /* bagan.JPG */; };
		27EBE0561FC06818006D6873 /* angkor.jpg in Resources */ = {isa = PBXBuildFile; fileRef = 27EBE0551FC06818006D6873 /* angkor.jpg */; };
/* End PBXBuildFile section */

/* Begin PBXFileReference section */
		270308011FC46FD70002F1DB /* MPC_Block.h */ = {isa = PBXFileReference; lastKnownFileType = sourcecode.c.h; path = MPC_Block.h; sourceTree = "<group>"; };
		270308021FC46FD70002F1DB /* MPC_Block.m */ = {isa = PBXFileReference; lastKnownFileType = sourcecode.c.objc; path = MPC_Block.m; sourceTree = "<group>"; };
		270308041FC480200002F1DB /* CloudKitSetUpManager.h */ = {isa = PBXFileReference; lastKnownFileType = sourcecode.c.h; path = CloudKitSetUpManager.h; sourceTree = "<group>"; };
		270308051FC480200002F1DB /* CloudKitSetUpManager.m */ = {isa = PBXFileReference; lastKnownFileType = sourcecode.c.objc; path = CloudKitSetUpManager.m; sourceTree = "<group>"; };
		270308071FC497CA0002F1DB /* Constants.h */ = {isa = PBXFileReference; lastKnownFileType = sourcecode.c.h; path = Constants.h; sourceTree = "<group>"; };
		270308081FC497CA0002F1DB /* Constants.m */ = {isa = PBXFileReference; lastKnownFileType = sourcecode.c.objc; path = Constants.m; sourceTree = "<group>"; };
		2703080A1FC4A38A0002F1DB /* MPC_CloudKitManager+TerminalBlocks.h */ = {isa = PBXFileReference; lastKnownFileType = sourcecode.c.h; path = "MPC_CloudKitManager+TerminalBlocks.h"; sourceTree = "<group>"; };
		2703080B1FC4A38A0002F1DB /* MPC_CloudKitManager+TerminalBlocks.m */ = {isa = PBXFileReference; lastKnownFileType = sourcecode.c.objc; path = "MPC_CloudKitManager+TerminalBlocks.m"; sourceTree = "<group>"; };
		2703080F1FC4B2770002F1DB /* round180.png */ = {isa = PBXFileReference; lastKnownFileType = image.png; path = round180.png; sourceTree = "<group>"; };
		270308111FC698F10002F1DB /* UIApplication+networkActivitySpinner.h */ = {isa = PBXFileReference; lastKnownFileType = sourcecode.c.h; path = "UIApplication+networkActivitySpinner.h"; sourceTree = "<group>"; };
		270308121FC698F10002F1DB /* UIApplication+networkActivitySpinner.m */ = {isa = PBXFileReference; lastKnownFileType = sourcecode.c.objc; path = "UIApplication+networkActivitySpinner.m"; sourceTree = "<group>"; };
		271072271FC2E509000A4FBD /* info_General.png */ = {isa = PBXFileReference; lastKnownFileType = image.png; path = info_General.png; sourceTree = "<group>"; };
		2710722A1FC2E509000A4FBD /* info_General2.png */ = {isa = PBXFileReference; lastKnownFileType = image.png; path = info_General2.png; sourceTree = "<group>"; };
		272A92231FC2BC5200D0B12F /* PlaceHolderView.h */ = {isa = PBXFileReference; lastKnownFileType = sourcecode.c.h; path = PlaceHolderView.h; sourceTree = "<group>"; };
		272A92241FC2BC5200D0B12F /* PlaceHolderView.m */ = {isa = PBXFileReference; lastKnownFileType = sourcecode.c.objc; path = PlaceHolderView.m; sourceTree = "<group>"; };
		272A92281FC2BD8300D0B12F /* CloudKitStarter.storyboard */ = {isa = PBXFileReference; lastKnownFileType = file.storyboard; path = CloudKitStarter.storyboard; sourceTree = "<group>"; };
		279F89F81FC0C1F900373451 /* DestinationCell.h */ = {isa = PBXFileReference; lastKnownFileType = sourcecode.c.h; path = DestinationCell.h; sourceTree = "<group>"; };
		279F89F91FC0C1F900373451 /* DestinationCell.m */ = {isa = PBXFileReference; lastKnownFileType = sourcecode.c.objc; path = DestinationCell.m; sourceTree = "<group>"; };
		279F89FA1FC0C1F900373451 /* DestinationCell.xib */ = {isa = PBXFileReference; lastKnownFileType = file.xib; path = DestinationCell.xib; sourceTree = "<group>"; };
		279F89FD1FC0DCC100373451 /* MyDestinationsViewController.m */ = {isa = PBXFileReference; fileEncoding = 4; lastKnownFileType = sourcecode.c.objc; path = MyDestinationsViewController.m; sourceTree = "<group>"; };
		279F89FE1FC0DCC100373451 /* MyDestinationsViewController.h */ = {isa = PBXFileReference; fileEncoding = 4; lastKnownFileType = sourcecode.c.h; path = MyDestinationsViewController.h; sourceTree = "<group>"; };
		27AABA921FC2F4F900BC79BA /* info_Capabilities2.png */ = {isa = PBXFileReference; lastKnownFileType = image.png; path = info_Capabilities2.png; sourceTree = "<group>"; };
		27AABA931FC2F4F900BC79BA /* info_Capabilities.png */ = {isa = PBXFileReference; lastKnownFileType = image.png; path = info_Capabilities.png; sourceTree = "<group>"; };
		27AABA961FC2F76C00BC79BA /* GettingStartedTableView.h */ = {isa = PBXFileReference; lastKnownFileType = sourcecode.c.h; path = GettingStartedTableView.h; sourceTree = "<group>"; };
		27AABA971FC2F76C00BC79BA /* GettingStartedTableView.m */ = {isa = PBXFileReference; lastKnownFileType = sourcecode.c.objc; path = GettingStartedTableView.m; sourceTree = "<group>"; };
		27AABA9C1FC31D5D00BC79BA /* DestinationsDataSource.m */ = {isa = PBXFileReference; fileEncoding = 4; lastKnownFileType = sourcecode.c.objc; path = DestinationsDataSource.m; sourceTree = "<group>"; };
		27AABA9D1FC31D5D00BC79BA /* DestinationsDataSource.h */ = {isa = PBXFileReference; fileEncoding = 4; lastKnownFileType = sourcecode.c.h; path = DestinationsDataSource.h; sourceTree = "<group>"; };
		27AABAA01FC333F400BC79BA /* AllDestinationsViewController.h */ = {isa = PBXFileReference; lastKnownFileType = sourcecode.c.h; path = AllDestinationsViewController.h; sourceTree = "<group>"; };
		27AABAA11FC333F400BC79BA /* AllDestinationsViewController.m */ = {isa = PBXFileReference; lastKnownFileType = sourcecode.c.objc; path = AllDestinationsViewController.m; sourceTree = "<group>"; };
		27AABAA21FC333F400BC79BA /* AllDestinationsViewController.xib */ = {isa = PBXFileReference; lastKnownFileType = file.xib; path = AllDestinationsViewController.xib; sourceTree = "<group>"; };
		27AABAA51FC394ED00BC79BA /* MPC_CKDeleteRecordOperation.h */ = {isa = PBXFileReference; lastKnownFileType = sourcecode.c.h; path = MPC_CKDeleteRecordOperation.h; sourceTree = "<group>"; };
		27AABAA61FC394ED00BC79BA /* MPC_CKDeleteRecordOperation.m */ = {isa = PBXFileReference; lastKnownFileType = sourcecode.c.objc; path = MPC_CKDeleteRecordOperation.m; sourceTree = "<group>"; };
		27EBDFF91FC03D67006D6873 /* MPC_NSOperation.app */ = {isa = PBXFileReference; explicitFileType = wrapper.application; includeInIndex = 0; path = MPC_NSOperation.app; sourceTree = BUILT_PRODUCTS_DIR; };
		27EBDFFC1FC03D67006D6873 /* AppDelegate.h */ = {isa = PBXFileReference; lastKnownFileType = sourcecode.c.h; path = AppDelegate.h; sourceTree = "<group>"; };
		27EBDFFD1FC03D67006D6873 /* AppDelegate.m */ = {isa = PBXFileReference; lastKnownFileType = sourcecode.c.objc; path = AppDelegate.m; sourceTree = "<group>"; };
		27EBE0031FC03D67006D6873 /* Base */ = {isa = PBXFileReference; lastKnownFileType = file.storyboard; name = Base; path = Base.lproj/Main.storyboard; sourceTree = "<group>"; };
		27EBE0051FC03D67006D6873 /* Assets.xcassets */ = {isa = PBXFileReference; lastKnownFileType = folder.assetcatalog; path = Assets.xcassets; sourceTree = "<group>"; };
		27EBE0081FC03D67006D6873 /* Base */ = {isa = PBXFileReference; lastKnownFileType = file.storyboard; name = Base; path = Base.lproj/LaunchScreen.storyboard; sourceTree = "<group>"; };
		27EBE00A1FC03D67006D6873 /* Info.plist */ = {isa = PBXFileReference; lastKnownFileType = text.plist.xml; path = Info.plist; sourceTree = "<group>"; };
		27EBE00B1FC03D67006D6873 /* main.m */ = {isa = PBXFileReference; lastKnownFileType = sourcecode.c.objc; path = main.m; sourceTree = "<group>"; };
		27EBE0151FC03E0A006D6873 /* MPC_CloudKitManager.h */ = {isa = PBXFileReference; lastKnownFileType = sourcecode.c.h; path = MPC_CloudKitManager.h; sourceTree = "<group>"; };
		27EBE0161FC03E0A006D6873 /* MPC_CloudKitManager.m */ = {isa = PBXFileReference; lastKnownFileType = sourcecode.c.objc; path = MPC_CloudKitManager.m; sourceTree = "<group>"; };
		27EBE01B1FC0400E006D6873 /* Destination.h */ = {isa = PBXFileReference; lastKnownFileType = sourcecode.c.h; path = Destination.h; sourceTree = "<group>"; };
		27EBE01C1FC0400E006D6873 /* Destination.m */ = {isa = PBXFileReference; lastKnownFileType = sourcecode.c.objc; path = Destination.m; sourceTree = "<group>"; };
		27EBE01E1FC04206006D6873 /* MPC_CKSaveRecordOperation.h */ = {isa = PBXFileReference; fileEncoding = 4; lastKnownFileType = sourcecode.c.h; path = MPC_CKSaveRecordOperation.h; sourceTree = "<group>"; };
		27EBE0201FC04206006D6873 /* MPC_CKAvailabilityCheckOperation.h */ = {isa = PBXFileReference; fileEncoding = 4; lastKnownFileType = sourcecode.c.h; path = MPC_CKAvailabilityCheckOperation.h; sourceTree = "<group>"; };
		27EBE0211FC04206006D6873 /* MPC_CKSaveRecordOperation.m */ = {isa = PBXFileReference; fileEncoding = 4; lastKnownFileType = sourcecode.c.objc; path = MPC_CKSaveRecordOperation.m; sourceTree = "<group>"; };
		27EBE0231FC04206006D6873 /* MPC_CKFetchUserRecordIDOperation.m */ = {isa = PBXFileReference; fileEncoding = 4; lastKnownFileType = sourcecode.c.objc; path = MPC_CKFetchUserRecordIDOperation.m; sourceTree = "<group>"; };
		27EBE0241FC04206006D6873 /* MPC_NSOperation.h */ = {isa = PBXFileReference; fileEncoding = 4; lastKnownFileType = sourcecode.c.h; path = MPC_NSOperation.h; sourceTree = "<group>"; };
		27EBE0251FC04206006D6873 /* MPC_CKQueryOperation.m */ = {isa = PBXFileReference; fileEncoding = 4; lastKnownFileType = sourcecode.c.objc; path = MPC_CKQueryOperation.m; sourceTree = "<group>"; };
		27EBE0261FC04207006D6873 /* MPC_NSOperation.m */ = {isa = PBXFileReference; fileEncoding = 4; lastKnownFileType = sourcecode.c.objc; path = MPC_NSOperation.m; sourceTree = "<group>"; };
		27EBE0271FC04207006D6873 /* MPC_CKQueryOperation.h */ = {isa = PBXFileReference; fileEncoding = 4; lastKnownFileType = sourcecode.c.h; path = MPC_CKQueryOperation.h; sourceTree = "<group>"; };
		27EBE0281FC04207006D6873 /* MPC_CKAvailabilityCheckOperation.m */ = {isa = PBXFileReference; fileEncoding = 4; lastKnownFileType = sourcecode.c.objc; path = MPC_CKAvailabilityCheckOperation.m; sourceTree = "<group>"; };
		27EBE0291FC04207006D6873 /* MPC_CKFetchUserRecordIDOperation.h */ = {isa = PBXFileReference; fileEncoding = 4; lastKnownFileType = sourcecode.c.h; path = MPC_CKFetchUserRecordIDOperation.h; sourceTree = "<group>"; };
		27EBE0311FC04292006D6873 /* NSOperationQueue+MPC_NSOperationQueue.m */ = {isa = PBXFileReference; fileEncoding = 4; lastKnownFileType = sourcecode.c.objc; path = "NSOperationQueue+MPC_NSOperationQueue.m"; sourceTree = "<group>"; };
		27EBE0321FC04292006D6873 /* NSOperationQueue+MPC_NSOperationQueue.h */ = {isa = PBXFileReference; fileEncoding = 4; lastKnownFileType = sourcecode.c.h; path = "NSOperationQueue+MPC_NSOperationQueue.h"; sourceTree = "<group>"; };
		27EBE0341FC048E1006D6873 /* MPC_NSOperation.entitlements */ = {isa = PBXFileReference; lastKnownFileType = text.plist.entitlements; path = MPC_NSOperation.entitlements; sourceTree = "<group>"; };
		27EBE03B1FC05D17006D6873 /* CloudKit.framework */ = {isa = PBXFileReference; lastKnownFileType = wrapper.framework; name = CloudKit.framework; path = System/Library/Frameworks/CloudKit.framework; sourceTree = SDKROOT; };
		27EBE0491FC0658E006D6873 /* borobudur.JPG */ = {isa = PBXFileReference; lastKnownFileType = image.jpeg; path = borobudur.JPG; sourceTree = "<group>"; };
		27EBE04A1FC0658E006D6873 /* phrayanakhon.JPG */ = {isa = PBXFileReference; lastKnownFileType = image.jpeg; path = phrayanakhon.JPG; sourceTree = "<group>"; };
		27EBE04B1FC0658E006D6873 /* samed.JPG */ = {isa = PBXFileReference; lastKnownFileType = image.jpeg; path = samed.JPG; sourceTree = "<group>"; };
		27EBE04C1FC0658E006D6873 /* yangon.JPG */ = {isa = PBXFileReference; lastKnownFileType = image.jpeg; path = yangon.JPG; sourceTree = "<group>"; };
		27EBE04D1FC0658E006D6873 /* bc.JPG */ = {isa = PBXFileReference; lastKnownFileType = image.jpeg; path = bc.JPG; sourceTree = "<group>"; };
		27EBE04E1FC0658E006D6873 /* bagan.JPG */ = {isa = PBXFileReference; lastKnownFileType = image.jpeg; path = bagan.JPG; sourceTree = "<group>"; };
		27EBE0551FC06818006D6873 /* angkor.jpg */ = {isa = PBXFileReference; lastKnownFileType = image.jpeg; path = angkor.jpg; sourceTree = "<group>"; };
/* End PBXFileReference section */

/* Begin PBXFrameworksBuildPhase section */
		27EBDFF61FC03D66006D6873 /* Frameworks */ = {
			isa = PBXFrameworksBuildPhase;
			buildActionMask = 2147483647;
			files = (
				27EBE03C1FC05D17006D6873 /* CloudKit.framework in Frameworks */,
			);
			runOnlyForDeploymentPostprocessing = 0;
		};
/* End PBXFrameworksBuildPhase section */

/* Begin PBXGroup section */
		27AABA991FC30F3D00BC79BA /* CloudKit Setup */ = {
			isa = PBXGroup;
			children = (
				272A92231FC2BC5200D0B12F /* PlaceHolderView.h */,
				272A92241FC2BC5200D0B12F /* PlaceHolderView.m */,
				27AABA961FC2F76C00BC79BA /* GettingStartedTableView.h */,
				27AABA971FC2F76C00BC79BA /* GettingStartedTableView.m */,
				272A92281FC2BD8300D0B12F /* CloudKitStarter.storyboard */,
				270308041FC480200002F1DB /* CloudKitSetUpManager.h */,
				270308051FC480200002F1DB /* CloudKitSetUpManager.m */,
				27AABA9A1FC31C9400BC79BA /* Image Assets */,
			);
			path = "CloudKit Setup";
			sourceTree = "<group>";
		};
		27AABA9A1FC31C9400BC79BA /* Image Assets */ = {
			isa = PBXGroup;
			children = (
				271072271FC2E509000A4FBD /* info_General.png */,
				2710722A1FC2E509000A4FBD /* info_General2.png */,
				27AABA931FC2F4F900BC79BA /* info_Capabilities.png */,
				27AABA921FC2F4F900BC79BA /* info_Capabilities2.png */,
				27EBE0551FC06818006D6873 /* angkor.jpg */,
				27EBE04E1FC0658E006D6873 /* bagan.JPG */,
				27EBE04D1FC0658E006D6873 /* bc.JPG */,
				27EBE0491FC0658E006D6873 /* borobudur.JPG */,
				27EBE04A1FC0658E006D6873 /* phrayanakhon.JPG */,
				27EBE04B1FC0658E006D6873 /* samed.JPG */,
				27EBE04C1FC0658E006D6873 /* yangon.JPG */,
			);
			path = "Image Assets";
			sourceTree = "<group>";
		};
		27AABA9B1FC31CF700BC79BA /* Destinations */ = {
			isa = PBXGroup;
			children = (
				27EBE01B1FC0400E006D6873 /* Destination.h */,
				27EBE01C1FC0400E006D6873 /* Destination.m */,
				27AABA9D1FC31D5D00BC79BA /* DestinationsDataSource.h */,
				27AABA9C1FC31D5D00BC79BA /* DestinationsDataSource.m */,
				27AABA9F1FC31D7900BC79BA /* Views */,
			);
			path = Destinations;
			sourceTree = "<group>";
		};
		27AABA9F1FC31D7900BC79BA /* Views */ = {
			isa = PBXGroup;
			children = (
				279F89FE1FC0DCC100373451 /* MyDestinationsViewController.h */,
				279F89FD1FC0DCC100373451 /* MyDestinationsViewController.m */,
				27AABAA01FC333F400BC79BA /* AllDestinationsViewController.h */,
				27AABAA11FC333F400BC79BA /* AllDestinationsViewController.m */,
				27AABAA21FC333F400BC79BA /* AllDestinationsViewController.xib */,
				279F89F81FC0C1F900373451 /* DestinationCell.h */,
				279F89F91FC0C1F900373451 /* DestinationCell.m */,
				279F89FA1FC0C1F900373451 /* DestinationCell.xib */,
			);
			path = Views;
			sourceTree = "<group>";
		};
		27EBDFF01FC03D66006D6873 = {
			isa = PBXGroup;
			children = (
				27EBDFFB1FC03D67006D6873 /* MPC_NSOperation */,
				27EBDFFA1FC03D67006D6873 /* Products */,
				27EBE03A1FC05D17006D6873 /* Frameworks */,
			);
			sourceTree = "<group>";
		};
		27EBDFFA1FC03D67006D6873 /* Products */ = {
			isa = PBXGroup;
			children = (
				27EBDFF91FC03D67006D6873 /* MPC_NSOperation.app */,
			);
			name = Products;
			sourceTree = "<group>";
		};
		27EBDFFB1FC03D67006D6873 /* MPC_NSOperation */ = {
			isa = PBXGroup;
			children = (
				27EBE0341FC048E1006D6873 /* MPC_NSOperation.entitlements */,
				270308071FC497CA0002F1DB /* Constants.h */,
				270308081FC497CA0002F1DB /* Constants.m */,
				27EBDFFC1FC03D67006D6873 /* AppDelegate.h */,
				27EBDFFD1FC03D67006D6873 /* AppDelegate.m */,
				27EBE0301FC04228006D6873 /* MPC_NSOp-CloudKit */,
				27EBE0151FC03E0A006D6873 /* MPC_CloudKitManager.h */,
				27EBE0161FC03E0A006D6873 /* MPC_CloudKitManager.m */,
				2703080A1FC4A38A0002F1DB /* MPC_CloudKitManager+TerminalBlocks.h */,
				2703080B1FC4A38A0002F1DB /* MPC_CloudKitManager+TerminalBlocks.m */,
				270308011FC46FD70002F1DB /* MPC_Block.h */,
				270308021FC46FD70002F1DB /* MPC_Block.m */,
				27AABA9B1FC31CF700BC79BA /* Destinations */,
				27AABA991FC30F3D00BC79BA /* CloudKit Setup */,
				270308111FC698F10002F1DB /* UIApplication+networkActivitySpinner.h */,
				270308121FC698F10002F1DB /* UIApplication+networkActivitySpinner.m */,
				27EBE0051FC03D67006D6873 /* Assets.xcassets */,
				27EBE0021FC03D67006D6873 /* Main.storyboard */,
				2703080F1FC4B2770002F1DB /* round180.png */,
				27EBE0071FC03D67006D6873 /* LaunchScreen.storyboard */,
				27EBE00A1FC03D67006D6873 /* Info.plist */,
				27EBE00B1FC03D67006D6873 /* main.m */,
			);
			path = MPC_NSOperation;
			sourceTree = "<group>";
		};
		27EBE0301FC04228006D6873 /* MPC_NSOp-CloudKit */ = {
			isa = PBXGroup;
			children = (
				27EBE0241FC04206006D6873 /* MPC_NSOperation.h */,
				27EBE0261FC04207006D6873 /* MPC_NSOperation.m */,
				27EBE0201FC04206006D6873 /* MPC_CKAvailabilityCheckOperation.h */,
				27EBE0281FC04207006D6873 /* MPC_CKAvailabilityCheckOperation.m */,
				27EBE0291FC04207006D6873 /* MPC_CKFetchUserRecordIDOperation.h */,
				27EBE0231FC04206006D6873 /* MPC_CKFetchUserRecordIDOperation.m */,
				27EBE0271FC04207006D6873 /* MPC_CKQueryOperation.h */,
				27EBE0251FC04206006D6873 /* MPC_CKQueryOperation.m */,
				27EBE01E1FC04206006D6873 /* MPC_CKSaveRecordOperation.h */,
				27EBE0211FC04206006D6873 /* MPC_CKSaveRecordOperation.m */,
				27AABAA51FC394ED00BC79BA /* MPC_CKDeleteRecordOperation.h */,
				27AABAA61FC394ED00BC79BA /* MPC_CKDeleteRecordOperation.m */,
				27EBE0321FC04292006D6873 /* NSOperationQueue+MPC_NSOperationQueue.h */,
				27EBE0311FC04292006D6873 /* NSOperationQueue+MPC_NSOperationQueue.m */,
			);
			path = "MPC_NSOp-CloudKit";
			sourceTree = "<group>";
		};
		27EBE03A1FC05D17006D6873 /* Frameworks */ = {
			isa = PBXGroup;
			children = (
				27EBE03B1FC05D17006D6873 /* CloudKit.framework */,
			);
			name = Frameworks;
			sourceTree = "<group>";
		};
/* End PBXGroup section */

/* Begin PBXNativeTarget section */
		27EBDFF81FC03D66006D6873 /* MPC_NSOperation */ = {
			isa = PBXNativeTarget;
			buildConfigurationList = 27EBE00F1FC03D67006D6873 /* Build configuration list for PBXNativeTarget "MPC_NSOperation" */;
			buildPhases = (
				27EBDFF51FC03D66006D6873 /* Sources */,
				27EBDFF61FC03D66006D6873 /* Frameworks */,
				27EBDFF71FC03D66006D6873 /* Resources */,
			);
			buildRules = (
			);
			dependencies = (
			);
			name = MPC_NSOperation;
			productName = MPC_NSOperation;
			productReference = 27EBDFF91FC03D67006D6873 /* MPC_NSOperation.app */;
			productType = "com.apple.product-type.application";
		};
/* End PBXNativeTarget section */

/* Begin PBXProject section */
		27EBDFF11FC03D66006D6873 /* Project object */ = {
			isa = PBXProject;
			attributes = {
				LastUpgradeCheck = 0910;
				ORGANIZATIONNAME = "Michael Critchley";
				TargetAttributes = {
					27EBDFF81FC03D66006D6873 = {
						CreatedOnToolsVersion = 9.1;
						ProvisioningStyle = Automatic;
						SystemCapabilities = {
							com.apple.Push = {
								enabled = 1;
							};
							com.apple.iCloud = {
								enabled = 1;
							};
						};
					};
				};
			};
			buildConfigurationList = 27EBDFF41FC03D66006D6873 /* Build configuration list for PBXProject "MPC_NSOperation" */;
			compatibilityVersion = "Xcode 8.0";
			developmentRegion = en;
			hasScannedForEncodings = 0;
			knownRegions = (
				en,
				Base,
			);
			mainGroup = 27EBDFF01FC03D66006D6873;
			productRefGroup = 27EBDFFA1FC03D67006D6873 /* Products */;
			projectDirPath = "";
			projectRoot = "";
			targets = (
				27EBDFF81FC03D66006D6873 /* MPC_NSOperation */,
			);
		};
/* End PBXProject section */

/* Begin PBXResourcesBuildPhase section */
		27EBDFF71FC03D66006D6873 /* Resources */ = {
			isa = PBXResourcesBuildPhase;
			buildActionMask = 2147483647;
			files = (
				27EBE04F1FC0658E006D6873 /* borobudur.JPG in Resources */,
				27EBE0531FC0658E006D6873 /* bc.JPG in Resources */,
				27EBE0091FC03D67006D6873 /* LaunchScreen.storyboard in Resources */,
				27EBE0061FC03D67006D6873 /* Assets.xcassets in Resources */,
				27EBE0511FC0658E006D6873 /* samed.JPG in Resources */,
				27EBE0501FC0658E006D6873 /* phrayanakhon.JPG in Resources */,
				270308101FC4B2770002F1DB /* round180.png in Resources */,
				27AABAA41FC333F400BC79BA /* AllDestinationsViewController.xib in Resources */,
				272A92291FC2BD8300D0B12F /* CloudKitStarter.storyboard in Resources */,
				27EBE0521FC0658E006D6873 /* yangon.JPG in Resources */,
				2710722B1FC2E50A000A4FBD /* info_General.png in Resources */,
				27EBE0541FC0658E006D6873 /* bagan.JPG in Resources */,
				27EBE0561FC06818006D6873 /* angkor.jpg in Resources */,
				27EBE0041FC03D67006D6873 /* Main.storyboard in Resources */,
				279F89FC1FC0C1F900373451 /* DestinationCell.xib in Resources */,
				27AABA951FC2F4F900BC79BA /* info_Capabilities.png in Resources */,
				2710722E1FC2E50A000A4FBD /* info_General2.png in Resources */,
				27AABA941FC2F4F900BC79BA /* info_Capabilities2.png in Resources */,
			);
			runOnlyForDeploymentPostprocessing = 0;
		};
/* End PBXResourcesBuildPhase section */

/* Begin PBXSourcesBuildPhase section */
		27EBDFF51FC03D66006D6873 /* Sources */ = {
			isa = PBXSourcesBuildPhase;
			buildActionMask = 2147483647;
			files = (
				27AABAA31FC333F400BC79BA /* AllDestinationsViewController.m in Sources */,
				27EBE02F1FC04207006D6873 /* MPC_CKAvailabilityCheckOperation.m in Sources */,
				279F89FB1FC0C1F900373451 /* DestinationCell.m in Sources */,
				27AABA9E1FC31D5D00BC79BA /* DestinationsDataSource.m in Sources */,
				27EBE02B1FC04207006D6873 /* MPC_CKSaveRecordOperation.m in Sources */,
				27EBE02E1FC04207006D6873 /* MPC_NSOperation.m in Sources */,
				27EBE02C1FC04207006D6873 /* MPC_CKFetchUserRecordIDOperation.m in Sources */,
				2703080C1FC4A38A0002F1DB /* MPC_CloudKitManager+TerminalBlocks.m in Sources */,
				270308131FC698F10002F1DB /* UIApplication+networkActivitySpinner.m in Sources */,
				27AABA981FC2F76C00BC79BA /* GettingStartedTableView.m in Sources */,
				27EBE0171FC03E0A006D6873 /* MPC_CloudKitManager.m in Sources */,
				27EBE00C1FC03D67006D6873 /* main.m in Sources */,
				272A92261FC2BC5200D0B12F /* PlaceHolderView.m in Sources */,
				27EBE01D1FC0400E006D6873 /* Destination.m in Sources */,
				270308061FC480200002F1DB /* CloudKitSetUpManager.m in Sources */,
				279F89FF1FC0DCC100373451 /* MyDestinationsViewController.m in Sources */,
				270308031FC46FD70002F1DB /* MPC_Block.m in Sources */,
				270308091FC497CA0002F1DB /* Constants.m in Sources */,
				27AABAA71FC394ED00BC79BA /* MPC_CKDeleteRecordOperation.m in Sources */,
				27EBDFFE1FC03D67006D6873 /* AppDelegate.m in Sources */,
				27EBE0331FC04292006D6873 /* NSOperationQueue+MPC_NSOperationQueue.m in Sources */,
				27EBE02D1FC04207006D6873 /* MPC_CKQueryOperation.m in Sources */,
			);
			runOnlyForDeploymentPostprocessing = 0;
		};
/* End PBXSourcesBuildPhase section */

/* Begin PBXVariantGroup section */
		27EBE0021FC03D67006D6873 /* Main.storyboard */ = {
			isa = PBXVariantGroup;
			children = (
				27EBE0031FC03D67006D6873 /* Base */,
			);
			name = Main.storyboard;
			sourceTree = "<group>";
		};
		27EBE0071FC03D67006D6873 /* LaunchScreen.storyboard */ = {
			isa = PBXVariantGroup;
			children = (
				27EBE0081FC03D67006D6873 /* Base */,
			);
			name = LaunchScreen.storyboard;
			sourceTree = "<group>";
		};
/* End PBXVariantGroup section */

/* Begin XCBuildConfiguration section */
		27EBE00D1FC03D67006D6873 /* Debug */ = {
			isa = XCBuildConfiguration;
			buildSettings = {
				ALWAYS_SEARCH_USER_PATHS = NO;
				CLANG_ANALYZER_NONNULL = YES;
				CLANG_ANALYZER_NUMBER_OBJECT_CONVERSION = YES_AGGRESSIVE;
				CLANG_CXX_LANGUAGE_STANDARD = "gnu++14";
				CLANG_CXX_LIBRARY = "libc++";
				CLANG_ENABLE_MODULES = YES;
				CLANG_ENABLE_OBJC_ARC = YES;
				CLANG_WARN_BLOCK_CAPTURE_AUTORELEASING = YES;
				CLANG_WARN_BOOL_CONVERSION = YES;
				CLANG_WARN_COMMA = YES;
				CLANG_WARN_CONSTANT_CONVERSION = YES;
				CLANG_WARN_DIRECT_OBJC_ISA_USAGE = YES_ERROR;
				CLANG_WARN_DOCUMENTATION_COMMENTS = YES;
				CLANG_WARN_EMPTY_BODY = YES;
				CLANG_WARN_ENUM_CONVERSION = YES;
				CLANG_WARN_INFINITE_RECURSION = YES;
				CLANG_WARN_INT_CONVERSION = YES;
				CLANG_WARN_NON_LITERAL_NULL_CONVERSION = YES;
				CLANG_WARN_OBJC_LITERAL_CONVERSION = YES;
				CLANG_WARN_OBJC_ROOT_CLASS = YES_ERROR;
				CLANG_WARN_RANGE_LOOP_ANALYSIS = YES;
				CLANG_WARN_STRICT_PROTOTYPES = YES;
				CLANG_WARN_SUSPICIOUS_MOVE = YES;
				CLANG_WARN_UNGUARDED_AVAILABILITY = YES_AGGRESSIVE;
				CLANG_WARN_UNREACHABLE_CODE = YES;
				CLANG_WARN__DUPLICATE_METHOD_MATCH = YES;
				CODE_SIGN_IDENTITY = "iPhone Developer";
				COPY_PHASE_STRIP = NO;
				DEBUG_INFORMATION_FORMAT = dwarf;
				ENABLE_STRICT_OBJC_MSGSEND = YES;
				ENABLE_TESTABILITY = YES;
				GCC_C_LANGUAGE_STANDARD = gnu11;
				GCC_DYNAMIC_NO_PIC = NO;
				GCC_NO_COMMON_BLOCKS = YES;
				GCC_OPTIMIZATION_LEVEL = 0;
				GCC_PREPROCESSOR_DEFINITIONS = (
					"DEBUG=1",
					"$(inherited)",
				);
				GCC_WARN_64_TO_32_BIT_CONVERSION = YES;
				GCC_WARN_ABOUT_RETURN_TYPE = YES_ERROR;
				GCC_WARN_UNDECLARED_SELECTOR = YES;
				GCC_WARN_UNINITIALIZED_AUTOS = YES_AGGRESSIVE;
				GCC_WARN_UNUSED_FUNCTION = YES;
				GCC_WARN_UNUSED_VARIABLE = YES;
				IPHONEOS_DEPLOYMENT_TARGET = 9.0;
				MTL_ENABLE_DEBUG_INFO = YES;
				ONLY_ACTIVE_ARCH = YES;
				SDKROOT = iphoneos;
			};
			name = Debug;
		};
		27EBE00E1FC03D67006D6873 /* Release */ = {
			isa = XCBuildConfiguration;
			buildSettings = {
				ALWAYS_SEARCH_USER_PATHS = NO;
				CLANG_ANALYZER_NONNULL = YES;
				CLANG_ANALYZER_NUMBER_OBJECT_CONVERSION = YES_AGGRESSIVE;
				CLANG_CXX_LANGUAGE_STANDARD = "gnu++14";
				CLANG_CXX_LIBRARY = "libc++";
				CLANG_ENABLE_MODULES = YES;
				CLANG_ENABLE_OBJC_ARC = YES;
				CLANG_WARN_BLOCK_CAPTURE_AUTORELEASING = YES;
				CLANG_WARN_BOOL_CONVERSION = YES;
				CLANG_WARN_COMMA = YES;
				CLANG_WARN_CONSTANT_CONVERSION = YES;
				CLANG_WARN_DIRECT_OBJC_ISA_USAGE = YES_ERROR;
				CLANG_WARN_DOCUMENTATION_COMMENTS = YES;
				CLANG_WARN_EMPTY_BODY = YES;
				CLANG_WARN_ENUM_CONVERSION = YES;
				CLANG_WARN_INFINITE_RECURSION = YES;
				CLANG_WARN_INT_CONVERSION = YES;
				CLANG_WARN_NON_LITERAL_NULL_CONVERSION = YES;
				CLANG_WARN_OBJC_LITERAL_CONVERSION = YES;
				CLANG_WARN_OBJC_ROOT_CLASS = YES_ERROR;
				CLANG_WARN_RANGE_LOOP_ANALYSIS = YES;
				CLANG_WARN_STRICT_PROTOTYPES = YES;
				CLANG_WARN_SUSPICIOUS_MOVE = YES;
				CLANG_WARN_UNGUARDED_AVAILABILITY = YES_AGGRESSIVE;
				CLANG_WARN_UNREACHABLE_CODE = YES;
				CLANG_WARN__DUPLICATE_METHOD_MATCH = YES;
				CODE_SIGN_IDENTITY = "iPhone Developer";
				COPY_PHASE_STRIP = NO;
				DEBUG_INFORMATION_FORMAT = "dwarf-with-dsym";
				ENABLE_NS_ASSERTIONS = NO;
				ENABLE_STRICT_OBJC_MSGSEND = YES;
				GCC_C_LANGUAGE_STANDARD = gnu11;
				GCC_NO_COMMON_BLOCKS = YES;
				GCC_WARN_64_TO_32_BIT_CONVERSION = YES;
				GCC_WARN_ABOUT_RETURN_TYPE = YES_ERROR;
				GCC_WARN_UNDECLARED_SELECTOR = YES;
				GCC_WARN_UNINITIALIZED_AUTOS = YES_AGGRESSIVE;
				GCC_WARN_UNUSED_FUNCTION = YES;
				GCC_WARN_UNUSED_VARIABLE = YES;
				IPHONEOS_DEPLOYMENT_TARGET = 9.0;
				MTL_ENABLE_DEBUG_INFO = NO;
				SDKROOT = iphoneos;
				VALIDATE_PRODUCT = YES;
			};
			name = Release;
		};
		27EBE0101FC03D67006D6873 /* Debug */ = {
			isa = XCBuildConfiguration;
			buildSettings = {
				ASSETCATALOG_COMPILER_APPICON_NAME = AppIcon;
				CODE_SIGN_ENTITLEMENTS = MPC_NSOperation/MPC_NSOperation.entitlements;
				CODE_SIGN_STYLE = Automatic;
				DEVELOPMENT_TEAM = EK4EC97QFH;
				INFOPLIST_FILE = MPC_NSOperation/Info.plist;
				IPHONEOS_DEPLOYMENT_TARGET = 9.0;
				LD_RUNPATH_SEARCH_PATHS = "$(inherited) @executable_path/Frameworks";
				PRODUCT_BUNDLE_IDENTIFIER = "M.Critchley.MPC-NSOperation";
				PRODUCT_NAME = "$(TARGET_NAME)";
				TARGETED_DEVICE_FAMILY = "1,2";
			};
			name = Debug;
		};
		27EBE0111FC03D67006D6873 /* Release */ = {
			isa = XCBuildConfiguration;
			buildSettings = {
				ASSETCATALOG_COMPILER_APPICON_NAME = AppIcon;
				CODE_SIGN_ENTITLEMENTS = MPC_NSOperation/MPC_NSOperation.entitlements;
				CODE_SIGN_STYLE = Automatic;
				DEVELOPMENT_TEAM = EK4EC97QFH;
				INFOPLIST_FILE = MPC_NSOperation/Info.plist;
				IPHONEOS_DEPLOYMENT_TARGET = 9.0;
				LD_RUNPATH_SEARCH_PATHS = "$(inherited) @executable_path/Frameworks";
				PRODUCT_BUNDLE_IDENTIFIER = "M.Critchley.MPC-NSOperation";
				PRODUCT_NAME = "$(TARGET_NAME)";
				TARGETED_DEVICE_FAMILY = "1,2";
			};
			name = Release;
		};
/* End XCBuildConfiguration section */

/* Begin XCConfigurationList section */
		27EBDFF41FC03D66006D6873 /* Build configuration list for PBXProject "MPC_NSOperation" */ = {
			isa = XCConfigurationList;
			buildConfigurations = (
				27EBE00D1FC03D67006D6873 /* Debug */,
				27EBE00E1FC03D67006D6873 /* Release */,
			);
			defaultConfigurationIsVisible = 0;
			defaultConfigurationName = Release;
		};
		27EBE00F1FC03D67006D6873 /* Build configuration list for PBXNativeTarget "MPC_NSOperation" */ = {
			isa = XCConfigurationList;
			buildConfigurations = (
				27EBE0101FC03D67006D6873 /* Debug */,
				27EBE0111FC03D67006D6873 /* Release */,
			);
			defaultConfigurationIsVisible = 0;
			defaultConfigurationName = Release;
		};
/* End XCConfigurationList section */
	};
	rootObject = 27EBDFF11FC03D66006D6873 /* Project object */;
}
